
Microsoft Visual Studio Solution File, Format Version 12.00
# Visual Studio Version 17
VisualStudioVersion = 17.9.34728.123
MinimumVisualStudioVersion = 10.0.40219.1
Project("{FAE04EC0-301F-11D3-BF4B-00C04F79EFBC}") = "Asp-task2", "Asp-task2\Asp-task2.csproj", "{0E81B2F0-6935-4CDD-818F-04D99AB054E1}"
EndProject
Global
	GlobalSection(SolutionConfigurationPlatforms) = preSolution
		Debug|Any CPU = Debug|Any CPU
		Release|Any CPU = Release|Any CPU
	EndGlobalSection
	GlobalSection(ProjectConfigurationPlatforms) = postSolution
		{0E81B2F0-6935-4CDD-818F-04D99AB054E1}.Debug|Any CPU.ActiveCfg = Debug|Any CPU
		{0E81B2F0-6935-4CDD-818F-04D99AB054E1}.Debug|Any CPU.Build.0 = Debug|Any CPU
		{0E81B2F0-6935-4CDD-818F-04D99AB054E1}.Release|Any CPU.ActiveCfg = Release|Any CPU
		{0E81B2F0-6935-4CDD-818F-04D99AB054E1}.Release|Any CPU.Build.0 = Release|Any CPU
	EndGlobalSection
	GlobalSection(SolutionProperties) = preSolution
		HideSolutionNode = FALSE
	EndGlobalSection
	GlobalSection(ExtensibilityGlobals) = postSolution
		SolutionGuid = {C238DB82-C774-4A03-A0CD-D4C33981E68A}
	EndGlobalSection
EndGlobal
